{
  "name": "mail-sender",
  "version": "1.0.0",
  "lockfileVersion": 2,
  "requires": true,
  "packages": {
    "": {
      "name": "mail-sender",
      "version": "1.0.0",
      "license": "ISC",
      "dependencies": {
        "dotenv": "^16.5.0",
        "nodemailer": "^7.0.3"
      }
    },
    "node_modules/dotenv": {
      "version": "16.5.0",
      "resolved": "https://registry.npmjs.org/dotenv/-/dotenv-16.5.0.tgz",
      "integrity": "sha512-m/C+AwOAr9/W1UOIZUo232ejMNnJAJtYQjUbHoNTBNTJSvqzzDh7vnrei3o3r3m9blf6ZoDkvcw0VmozNRFJxg==",
      "engines": {
        "node": ">=12"
      },
      "funding": {
        "url": "https://dotenvx.com"
      }
    },
    "node_modules/nodemailer": {
      "version": "7.0.7",
      "resolved": "https://registry.npmjs.org/nodemailer/-/nodemailer-7.0.7.tgz",
      "integrity": "sha512-jGOaRznodf62TVzdyhKt/f1Q/c3kYynk8629sgJHpRzGZj01ezbgMMWJSAjHADcwTKxco3B68/R+KHJY2T5BaA==",
      "engines": {
        "node": ">=6.0.0"
      }
    }
  },
  "dependencies": {
    "dotenv": {
      "version": "16.5.0",
      "resolved": "https://registry.npmjs.org/dotenv/-/dotenv-16.5.0.tgz",
      "integrity": "sha512-m/C+AwOAr9/W1UOIZUo232ejMNnJAJtYQjUbHoNTBNTJSvqzzDh7vnrei3o3r3m9blf6ZoDkvcw0VmozNRFJxg=="
    },
    "nodemailer": {
      "version": "7.0.7",
      "resolved": "https://registry.npmjs.org/nodemailer/-/nodemailer-7.0.7.tgz",
      "integrity": "sha512-jGOaRznodf62TVzdyhKt/f1Q/c3kYynk8629sgJHpRzGZj01ezbgMMWJSAjHADcwTKxco3B68/R+KHJY2T5BaA=="
    }
  }
}
